{
  "name": "Parallel-Project",
  "lockfileVersion": 3,
  "requires": true,
  "packages": {
    "": {
      "dependencies": {
        "bootstrap": "^5.3.3",
        "react-router-dom": "^6.22.3"
      }
    },
    "node_modules/@remix-run/router": {
      "version": "1.15.3",
      "resolved": "https://registry.npmjs.org/@remix-run/router/-/router-1.15.3.tgz",
      "integrity": "sha512-Oy8rmScVrVxWZVOpEF57ovlnhpZ8CCPlnIIumVcV9nFdiSIrus99+Lw78ekXyGvVDlIsFJbSfmSovJUhCWYV3w==",
      "engines": {
        "node": ">=14.0.0"
      }
    },
    "node_modules/bootstrap": {
      "version": "5.3.3",
      "resolved": "https://registry.npmjs.org/bootstrap/-/bootstrap-5.3.3.tgz",
      "integrity": "sha512-8HLCdWgyoMguSO9o+aH+iuZ+aht+mzW0u3HIMzVu7Srrpv7EBBxTnrFlSCskwdY1+EOFQSm7uMJhNQHkdPcmjg==",
      "funding": [
        {
          "type": "github",
          "url": "https://github.com/sponsors/twbs"
        },
        {
          "type": "opencollective",
          "url": "https://opencollective.com/bootstrap"
        }
      ],
      "peerDependencies": {
        "@popperjs/core": "^2.11.8"
      }
    },
    "node_modules/react-router": {
      "version": "6.22.3",
      "resolved": "https://registry.npmjs.org/react-router/-/react-router-6.22.3.tgz",
      "integrity": "sha512-dr2eb3Mj5zK2YISHK++foM9w4eBnO23eKnZEDs7c880P6oKbrjz/Svg9+nxqtHQK+oMW4OtjZca0RqPglXxguQ==",
      "dependencies": {
        "@remix-run/router": "1.15.3"
      },
      "engines": {
        "node": ">=14.0.0"
      },
      "peerDependencies": {
        "react": ">=16.8"
      }
    },
    "node_modules/react-router-dom": {
      "version": "6.22.3",
      "resolved": "https://registry.npmjs.org/react-router-dom/-/react-router-dom-6.22.3.tgz",
      "integrity": "sha512-7ZILI7HjcE+p31oQvwbokjk6OA/bnFxrhJ19n82Ex9Ph8fNAq+Hm/7KchpMGlTgWhUxRHMMCut+vEtNpWpowKw==",
      "dependencies": {
        "@remix-run/router": "1.15.3",
        "react-router": "6.22.3"
      },
      "engines": {
        "node": ">=14.0.0"
      },
      "peerDependencies": {
        "react": ">=16.8",
        "react-dom": ">=16.8"
      }
    }
  }
}
